
Microsoft Visual Studio Solution File, Format Version 12.00
# Visual Studio Version 17
VisualStudioVersion = 17.3.32819.101
MinimumVisualStudioVersion = 10.0.40219.1
Project("{FAE04EC0-301F-11D3-BF4B-00C04F79EFBC}") = "WebTeam", "WebTeam\WebTeam.csproj", "{D94E936B-B20A-49D9-AEE9-46DEE20962A4}"
EndProject
Global
	GlobalSection(SolutionConfigurationPlatforms) = preSolution
		Debug|Any CPU = Debug|Any CPU
		Release|Any CPU = Release|Any CPU
	EndGlobalSection
	GlobalSection(ProjectConfigurationPlatforms) = postSolution
		{D94E936B-B20A-49D9-AEE9-46DEE20962A4}.Debug|Any CPU.ActiveCfg = Debug|Any CPU
		{D94E936B-B20A-49D9-AEE9-46DEE20962A4}.Debug|Any CPU.Build.0 = Debug|Any CPU
		{D94E936B-B20A-49D9-AEE9-46DEE20962A4}.Release|Any CPU.ActiveCfg = Release|Any CPU
		{D94E936B-B20A-49D9-AEE9-46DEE20962A4}.Release|Any CPU.Build.0 = Release|Any CPU
	EndGlobalSection
	GlobalSection(SolutionProperties) = preSolution
		HideSolutionNode = FALSE
	EndGlobalSection
	GlobalSection(ExtensibilityGlobals) = postSolution
		SolutionGuid = {CFEEB92D-9A76-4D9A-B183-61A47FB11D8D}
	EndGlobalSection
EndGlobal
